{
  "name": "Spacetimedb-hackathon",
  "lockfileVersion": 3,
  "requires": true,
  "packages": {
    "": {
      "dependencies": {
        "spacetime": "^7.12.1"
      }
    },
    "node_modules/spacetime": {
      "version": "7.12.1",
      "resolved": "https://registry.npmjs.org/spacetime/-/spacetime-7.12.1.tgz",
      "integrity": "sha512-lX2rBX39xevG6Yh+6TDWjjC5DTTt4+QuIqhUyWVxHAOGLFDtsnUJt1gF7BMNTZOLudlTdu/iut+1m33pDnsDLA==",
      "license": "Apache-2.0"
    }
  }
}
